{
  "name": "cc-sessions",
  "version": "0.1.0",
  "lockfileVersion": 3,
  "requires": true,
  "packages": {
    "": {
      "name": "cc-sessions",
      "version": "0.1.0",
      "license": "MIT",
      "os": [
        "darwin",
        "linux",
        "!win32"
      ],
      "bin": {
        "cc-sessions": "install.js",
        "cc-sessions-install": "install.js"
      },
      "engines": {
        "node": ">=14.0.0"
      }
    }
  }
}
